{
  "originHash" : "b6f041f69dec3ea1c9a542ad5ac669f684441834167bd4bf7e427628d782b5c2",
  "pins" : [
    {
      "identity" : "capacitor-swift-pm",
      "kind" : "remoteSourceControl",
      "location" : "https://github.com/ionic-team/capacitor-swift-pm.git",
      "state" : {
        "revision" : "4f71d0b979f2f957326f04353eca7604ee937e1e",
        "version" : "8.5.0"
      }
    }
  ],
  "version" : 3
}
